
Microsoft Visual Studio Solution File, Format Version 12.00
# Visual Studio Version 16
VisualStudioVersion = 16.0.31911.196
MinimumVisualStudioVersion = 10.0.40219.1
Project("{FAE04EC0-301F-11D3-BF4B-00C04F79EFBC}") = "Nadzouz Figher jet", "Nadzouz Figher jet\Nadzouz Figher jet.csproj", "{DFE1D2B0-82AC-4D83-959B-83A1A8D6980B}"
EndProject
Global
	GlobalSection(SolutionConfigurationPlatforms) = preSolution
		Debug|Any CPU = Debug|Any CPU
		Release|Any CPU = Release|Any CPU
	EndGlobalSection
	GlobalSection(ProjectConfigurationPlatforms) = postSolution
		{DFE1D2B0-82AC-4D83-959B-83A1A8D6980B}.Debug|Any CPU.ActiveCfg = Debug|Any CPU
		{DFE1D2B0-82AC-4D83-959B-83A1A8D6980B}.Debug|Any CPU.Build.0 = Debug|Any CPU
		{DFE1D2B0-82AC-4D83-959B-83A1A8D6980B}.Release|Any CPU.ActiveCfg = Release|Any CPU
		{DFE1D2B0-82AC-4D83-959B-83A1A8D6980B}.Release|Any CPU.Build.0 = Release|Any CPU
	EndGlobalSection
	GlobalSection(SolutionProperties) = preSolution
		HideSolutionNode = FALSE
	EndGlobalSection
	GlobalSection(ExtensibilityGlobals) = postSolution
		SolutionGuid = {CD7BCA4E-7F4C-4EEF-8105-7184EA73F06F}
	EndGlobalSection
EndGlobal
